Microsoft Visual Studio Solution File, Format Version 12.00
# Visual Studio Version 16
VisualStudioVersion = 16.0.29306.81
MinimumVisualStudioVersion = 10.0.40219.1
Project("{9A19103F-16F7-4668-BE54-9A1E7A4F7556}") = "Darabonba", "Darabonba\Darabonba.csproj", "{BA7831AD-0335-437E-8F8F-EDB62B874D22}"
EndProject
Project("{9A19103F-16F7-4668-BE54-9A1E7A4F7556}") = "DarabonbaUnitTests", "DarabonbaUnitTests\DarabonbaUnitTests.csproj", "{9BC6DAB8-9222-4856-AE71-05E0AB1B8B61}"
EndProject
Global
	GlobalSection(SolutionConfigurationPlatforms) = preSolution
		Debug|Any CPU = Debug|Any CPU
		Release|Any CPU = Release|Any CPU
	EndGlobalSection
	GlobalSection(ProjectConfigurationPlatforms) = postSolution
		{BA7831AD-0335-437E-8F8F-EDB62B874D22}.Debug|Any CPU.ActiveCfg = Debug|Any CPU
		{BA7831AD-0335-437E-8F8F-EDB62B874D22}.Debug|Any CPU.Build.0 = Debug|Any CPU
		{BA7831AD-0335-437E-8F8F-EDB62B874D22}.Release|Any CPU.ActiveCfg = Release|Any CPU
		{BA7831AD-0335-437E-8F8F-EDB62B874D22}.Release|Any CPU.Build.0 = Release|Any CPU
		{9BC6DAB8-9222-4856-AE71-05E0AB1B8B61}.Debug|Any CPU.ActiveCfg = Debug|Any CPU
		{9BC6DAB8-9222-4856-AE71-05E0AB1B8B61}.Debug|Any CPU.Build.0 = Debug|Any CPU
		{9BC6DAB8-9222-4856-AE71-05E0AB1B8B61}.Release|Any CPU.ActiveCfg = Release|Any CPU
		{9BC6DAB8-9222-4856-AE71-05E0AB1B8B61}.Release|Any CPU.Build.0 = Release|Any CPU
	EndGlobalSection
	GlobalSection(SolutionProperties) = preSolution
		HideSolutionNode = FALSE
	EndGlobalSection
	GlobalSection(ExtensibilityGlobals) = postSolution
		SolutionGuid = {2CF3B193-FBD0-4AA9-9A31-98B1E8B11BE8}
	EndGlobalSection
EndGlobal
