
Microsoft Visual Studio Solution File, Format Version 12.00
# Visual Studio Version 16
VisualStudioVersion = 16.0.29306.81
MinimumVisualStudioVersion = 10.0.40219.1
Project("{9A19103F-16F7-4668-BE54-9A1E7A4F7556}") = "tea", "Tea\tea.csproj", "{CC230A17-4C9C-49A9-B708-4D1EC3F4449F}"
EndProject
Project("{9A19103F-16F7-4668-BE54-9A1E7A4F7556}") = "TeaUnitTests", "TeaUnitTests\TeaUnitTests.csproj", "{980F10DF-8C04-4480-8564-8BD4B8E04FE2}"
EndProject
Global
	GlobalSection(SolutionConfigurationPlatforms) = preSolution
		Debug|Any CPU = Debug|Any CPU
		Release|Any CPU = Release|Any CPU
	EndGlobalSection
	GlobalSection(ProjectConfigurationPlatforms) = postSolution
		{CC230A17-4C9C-49A9-B708-4D1EC3F4449F}.Debug|Any CPU.ActiveCfg = Debug|Any CPU
		{CC230A17-4C9C-49A9-B708-4D1EC3F4449F}.Debug|Any CPU.Build.0 = Debug|Any CPU
		{CC230A17-4C9C-49A9-B708-4D1EC3F4449F}.Release|Any CPU.ActiveCfg = Release|Any CPU
		{CC230A17-4C9C-49A9-B708-4D1EC3F4449F}.Release|Any CPU.Build.0 = Release|Any CPU
		{980F10DF-8C04-4480-8564-8BD4B8E04FE2}.Debug|Any CPU.ActiveCfg = Debug|Any CPU
		{980F10DF-8C04-4480-8564-8BD4B8E04FE2}.Debug|Any CPU.Build.0 = Debug|Any CPU
		{980F10DF-8C04-4480-8564-8BD4B8E04FE2}.Release|Any CPU.ActiveCfg = Release|Any CPU
		{980F10DF-8C04-4480-8564-8BD4B8E04FE2}.Release|Any CPU.Build.0 = Release|Any CPU
	EndGlobalSection
	GlobalSection(SolutionProperties) = preSolution
		HideSolutionNode = FALSE
	EndGlobalSection
	GlobalSection(ExtensibilityGlobals) = postSolution
		SolutionGuid = {423405C6-F564-4B21-92F2-7588731DF4DC}
	EndGlobalSection
EndGlobal
